
Microsoft Visual Studio Solution File, Format Version 12.00
# Visual Studio Version 17
VisualStudioVersion = 17.0.31903.59
MinimumVisualStudioVersion = 10.0.40219.1
Project("{2150E333-8FDC-42A3-9474-1A3956D46DE8}") = "src", "src", "{827E0CD3-B72D-47B6-A68D-7590B98EB39B}"
EndProject
Project("{2150E333-8FDC-42A3-9474-1A3956D46DE8}") = "01. SmallMartApp.Core", "01. SmallMartApp.Core", "{53EC7D8E-6BAA-1A18-2FAE-499906AEF5F9}"
EndProject
Project("{FAE04EC0-301F-11D3-BF4B-00C04F79EFBC}") = "SmallMartApp.Core", "src\01. SmallMartApp.Core\SmallMartApp.Core.csproj", "{D1A8E2F9-7044-4AFC-97A5-D09EA2D7F536}"
EndProject
Project("{2150E333-8FDC-42A3-9474-1A3956D46DE8}") = "02. SmallMartApp.Infrastructure", "02. SmallMartApp.Infrastructure", "{2C868127-8FDD-5A05-7E93-B799A6DEC37C}"
EndProject
Project("{FAE04EC0-301F-11D3-BF4B-00C04F79EFBC}") = "SmallMartApp.Infrastructure", "src\02. SmallMartApp.Infrastructure\SmallMartApp.Infrastructure.csproj", "{58025EDD-E0AB-4B47-9860-6AA22B83CC6E}"
EndProject
Project("{2150E333-8FDC-42A3-9474-1A3956D46DE8}") = "03. SmallMartApp.UI", "03. SmallMartApp.UI", "{64F17B3C-9BF8-85B7-4CF6-EE011F90C6C5}"
EndProject
Project("{FAE04EC0-301F-11D3-BF4B-00C04F79EFBC}") = "SmallMartApp.UI", "src\03. SmallMartApp.UI\SmallMartApp.UI.csproj", "{232F44FE-2791-4401-B0E2-897362EA53E5}"
EndProject
Project("{2150E333-8FDC-42A3-9474-1A3956D46DE8}") = "tests", "tests", "{0AB3BF05-4346-4AA6-1389-037BE0695223}"
EndProject
Project("{FAE04EC0-301F-11D3-BF4B-00C04F79EFBC}") = "SmallMartApp.Tests", "tests\SmallMartApp.Tests\SmallMartApp.Tests.csproj", "{72885402-8486-4ADA-85DC-BB50619F1B85}"
EndProject
Global
	GlobalSection(SolutionConfigurationPlatforms) = preSolution
		Debug|Any CPU = Debug|Any CPU
		Debug|x64 = Debug|x64
		Debug|x86 = Debug|x86
		Release|Any CPU = Release|Any CPU
		Release|x64 = Release|x64
		Release|x86 = Release|x86
	EndGlobalSection
	GlobalSection(ProjectConfigurationPlatforms) = postSolution
		{D1A8E2F9-7044-4AFC-97A5-D09EA2D7F536}.Debug|Any CPU.ActiveCfg = Debug|Any CPU
		{D1A8E2F9-7044-4AFC-97A5-D09EA2D7F536}.Debug|Any CPU.Build.0 = Debug|Any CPU
		{D1A8E2F9-7044-4AFC-97A5-D09EA2D7F536}.Debug|x64.ActiveCfg = Debug|Any CPU
		{D1A8E2F9-7044-4AFC-97A5-D09EA2D7F536}.Debug|x64.Build.0 = Debug|Any CPU
		{D1A8E2F9-7044-4AFC-97A5-D09EA2D7F536}.Debug|x86.ActiveCfg = Debug|Any CPU
		{D1A8E2F9-7044-4AFC-97A5-D09EA2D7F536}.Debug|x86.Build.0 = Debug|Any CPU
		{D1A8E2F9-7044-4AFC-97A5-D09EA2D7F536}.Release|Any CPU.ActiveCfg = Release|Any CPU
		{D1A8E2F9-7044-4AFC-97A5-D09EA2D7F536}.Release|Any CPU.Build.0 = Release|Any CPU
		{D1A8E2F9-7044-4AFC-97A5-D09EA2D7F536}.Release|x64.ActiveCfg = Release|Any CPU
		{D1A8E2F9-7044-4AFC-97A5-D09EA2D7F536}.Release|x64.Build.0 = Release|Any CPU
		{D1A8E2F9-7044-4AFC-97A5-D09EA2D7F536}.Release|x86.ActiveCfg = Release|Any CPU
		{D1A8E2F9-7044-4AFC-97A5-D09EA2D7F536}.Release|x86.Build.0 = Release|Any CPU
		{58025EDD-E0AB-4B47-9860-6AA22B83CC6E}.Debug|Any CPU.ActiveCfg = Debug|Any CPU
		{58025EDD-E0AB-4B47-9860-6AA22B83CC6E}.Debug|Any CPU.Build.0 = Debug|Any CPU
		{58025EDD-E0AB-4B47-9860-6AA22B83CC6E}.Debug|x64.ActiveCfg = Debug|Any CPU
		{58025EDD-E0AB-4B47-9860-6AA22B83CC6E}.Debug|x64.Build.0 = Debug|Any CPU
		{58025EDD-E0AB-4B47-9860-6AA22B83CC6E}.Debug|x86.ActiveCfg = Debug|Any CPU
		{58025EDD-E0AB-4B47-9860-6AA22B83CC6E}.Debug|x86.Build.0 = Debug|Any CPU
		{58025EDD-E0AB-4B47-9860-6AA22B83CC6E}.Release|Any CPU.ActiveCfg = Release|Any CPU
		{58025EDD-E0AB-4B47-9860-6AA22B83CC6E}.Release|Any CPU.Build.0 = Release|Any CPU
		{58025EDD-E0AB-4B47-9860-6AA22B83CC6E}.Release|x64.ActiveCfg = Release|Any CPU
		{58025EDD-E0AB-4B47-9860-6AA22B83CC6E}.Release|x64.Build.0 = Release|Any CPU
		{58025EDD-E0AB-4B47-9860-6AA22B83CC6E}.Release|x86.ActiveCfg = Release|Any CPU
		{58025EDD-E0AB-4B47-9860-6AA22B83CC6E}.Release|x86.Build.0 = Release|Any CPU
		{232F44FE-2791-4401-B0E2-897362EA53E5}.Debug|Any CPU.ActiveCfg = Debug|Any CPU
		{232F44FE-2791-4401-B0E2-897362EA53E5}.Debug|Any CPU.Build.0 = Debug|Any CPU
		{232F44FE-2791-4401-B0E2-897362EA53E5}.Debug|x64.ActiveCfg = Debug|Any CPU
		{232F44FE-2791-4401-B0E2-897362EA53E5}.Debug|x64.Build.0 = Debug|Any CPU
		{232F44FE-2791-4401-B0E2-897362EA53E5}.Debug|x86.ActiveCfg = Debug|Any CPU
		{232F44FE-2791-4401-B0E2-897362EA53E5}.Debug|x86.Build.0 = Debug|Any CPU
		{232F44FE-2791-4401-B0E2-897362EA53E5}.Release|Any CPU.ActiveCfg = Release|Any CPU
		{232F44FE-2791-4401-B0E2-897362EA53E5}.Release|Any CPU.Build.0 = Release|Any CPU
		{232F44FE-2791-4401-B0E2-897362EA53E5}.Release|x64.ActiveCfg = Release|Any CPU
		{232F44FE-2791-4401-B0E2-897362EA53E5}.Release|x64.Build.0 = Release|Any CPU
		{232F44FE-2791-4401-B0E2-897362EA53E5}.Release|x86.ActiveCfg = Release|Any CPU
		{232F44FE-2791-4401-B0E2-897362EA53E5}.Release|x86.Build.0 = Release|Any CPU
		{72885402-8486-4ADA-85DC-BB50619F1B85}.Debug|Any CPU.ActiveCfg = Debug|Any CPU
		{72885402-8486-4ADA-85DC-BB50619F1B85}.Debug|Any CPU.Build.0 = Debug|Any CPU
		{72885402-8486-4ADA-85DC-BB50619F1B85}.Debug|x64.ActiveCfg = Debug|Any CPU
		{72885402-8486-4ADA-85DC-BB50619F1B85}.Debug|x64.Build.0 = Debug|Any CPU
		{72885402-8486-4ADA-85DC-BB50619F1B85}.Debug|x86.ActiveCfg = Debug|Any CPU
		{72885402-8486-4ADA-85DC-BB50619F1B85}.Debug|x86.Build.0 = Debug|Any CPU
		{72885402-8486-4ADA-85DC-BB50619F1B85}.Release|Any CPU.ActiveCfg = Release|Any CPU
		{72885402-8486-4ADA-85DC-BB50619F1B85}.Release|Any CPU.Build.0 = Release|Any CPU
		{72885402-8486-4ADA-85DC-BB50619F1B85}.Release|x64.ActiveCfg = Release|Any CPU
		{72885402-8486-4ADA-85DC-BB50619F1B85}.Release|x64.Build.0 = Release|Any CPU
		{72885402-8486-4ADA-85DC-BB50619F1B85}.Release|x86.ActiveCfg = Release|Any CPU
		{72885402-8486-4ADA-85DC-BB50619F1B85}.Release|x86.Build.0 = Release|Any CPU
	EndGlobalSection
	GlobalSection(SolutionProperties) = preSolution
		HideSolutionNode = FALSE
	EndGlobalSection
	GlobalSection(NestedProjects) = preSolution
		{53EC7D8E-6BAA-1A18-2FAE-499906AEF5F9} = {827E0CD3-B72D-47B6-A68D-7590B98EB39B}
		{D1A8E2F9-7044-4AFC-97A5-D09EA2D7F536} = {53EC7D8E-6BAA-1A18-2FAE-499906AEF5F9}
		{2C868127-8FDD-5A05-7E93-B799A6DEC37C} = {827E0CD3-B72D-47B6-A68D-7590B98EB39B}
		{58025EDD-E0AB-4B47-9860-6AA22B83CC6E} = {2C868127-8FDD-5A05-7E93-B799A6DEC37C}
		{64F17B3C-9BF8-85B7-4CF6-EE011F90C6C5} = {827E0CD3-B72D-47B6-A68D-7590B98EB39B}
		{232F44FE-2791-4401-B0E2-897362EA53E5} = {64F17B3C-9BF8-85B7-4CF6-EE011F90C6C5}
		{72885402-8486-4ADA-85DC-BB50619F1B85} = {0AB3BF05-4346-4AA6-1389-037BE0695223}
	EndGlobalSection
EndGlobal
